<?xml version="1.0" encoding="UTF-8" standalone="yes" ?>
<CodeBlocks_project_file>
	<FileVersion major="1" minor="6" />
	<Project>
		<Option title="trace" />
		<Option pch_mode="2" />
		<Option compiler="gcc" />
		<Build>
			<Target title="Debug">
				<Option output="bin/Debug/trace" prefix_auto="1" extension_auto="1" />
				<Option object_output="obj/Debug/" />
				<Option type="1" />
				<Option compiler="gcc" />
				<Compiler>
					<Add option="-g" />
					<Add directory="include" />
				</Compiler>
			</Target>
			<Target title="Release">
				<Option output="bin/Release/trace" prefix_auto="1" extension_auto="1" />
				<Option object_output="obj/Release/" />
				<Option type="1" />
				<Option compiler="gcc" />
				<Compiler>
					<Add option="-O2" />
					<Add directory="include" />
				</Compiler>
				<Linker>
					<Add option="-s" />
				</Linker>
			</Target>
		</Build>
		<Compiler>
			<Add option="-Wall" />
			<Add option="-fexceptions" />
		</Compiler>
		<Unit filename="include/Camera.h" />
		<Unit filename="include/Constants.h" />
		<Unit filename="include/GeometricObject.h" />
		<Unit filename="include/Jittered.h" />
		<Unit filename="include/Maths.h" />
		<Unit filename="include/MultiJittered.h" />
		<Unit filename="include/MultipleObjects.h" />
		<Unit filename="include/NRooks.h" />
		<Unit filename="include/Normal.h" />
		<Unit filename="include/Plane.h" />
		<Unit filename="include/Point2D.h" />
		<Unit filename="include/Point3D.h" />
		<Unit filename="include/RGBcolor.h" />
		<Unit filename="include/Ray.h" />
		<Unit filename="include/Regular.h" />
		<Unit filename="include/Sampler.h" />
		<Unit filename="include/ShaderRec.h" />
		<Unit filename="include/Sphere.h" />
		<Unit filename="include/Tracer.h" />
		<Unit filename="include/Vector3D.h" />
		<Unit filename="include/ViewPlane.h" />
		<Unit filename="include/World.h" />
		<Unit filename="main.cpp" />
		<Unit filename="src/Camera.cpp" />
		<Unit filename="src/GeometricObject.cpp" />
		<Unit filename="src/Jittered.cpp" />
		<Unit filename="src/MultiJittered.cpp" />
		<Unit filename="src/MultipleObjects.cpp" />
		<Unit filename="src/NRooks.cpp" />
		<Unit filename="src/Normal.cpp" />
		<Unit filename="src/Plane.cpp" />
		<Unit filename="src/Point2D.cpp" />
		<Unit filename="src/Point3D.cpp" />
		<Unit filename="src/RGBcolor.cpp" />
		<Unit filename="src/Ray.cpp" />
		<Unit filename="src/Regular.cpp" />
		<Unit filename="src/Sampler.cpp" />
		<Unit filename="src/ShaderRec.cpp" />
		<Unit filename="src/Sphere.cpp" />
		<Unit filename="src/Tracer.cpp" />
		<Unit filename="src/Vector3D.cpp" />
		<Unit filename="src/ViewPlane.cpp" />
		<Unit filename="src/World.cpp" />
		<Extensions>
			<code_completion />
			<envvars />
			<debugger />
			<lib_finder disable_auto="1" />
		</Extensions>
	</Project>
</CodeBlocks_project_file>
